{
  "name": "matcha",
  "version": "1.0.0",
  "lockfileVersion": 2,
  "requires": true,
  "packages": {
    "": {
      "name": "matcha",
      "version": "1.0.0",
      "license": "ISC",
      "dependencies": {
        "nodejs-nodemailer-outlook": "^1.2.4",
        "nodemailer": "^6.9.1"
      }
    },
    "node_modules/nodejs-nodemailer-outlook": {
      "version": "1.2.4",
      "resolved": "https://registry.npmjs.org/nodejs-nodemailer-outlook/-/nodejs-nodemailer-outlook-1.2.4.tgz",
      "integrity": "sha512-+AGxGRsMAwsXJNfm46/ELfNaj5tuMeoHV/3dR4C9TyAh54eYz2ZNNMHCICm7B3eTFdVtIHqIUsYNYg1Bju6J6A==",
      "dependencies": {
        "nodemailer": "^6.4.16"
      }
    },
    "node_modules/nodemailer": {
      "version": "6.9.1",
      "resolved": "https://registry.npmjs.org/nodemailer/-/nodemailer-6.9.1.tgz",
      "integrity": "sha512-qHw7dOiU5UKNnQpXktdgQ1d3OFgRAekuvbJLcdG5dnEo/GtcTHRYM7+UfJARdOFU9WUQO8OiIamgWPmiSFHYAA==",
      "engines": {
        "node": ">=6.0.0"
      }
    }
  },
  "dependencies": {
    "nodejs-nodemailer-outlook": {
      "version": "1.2.4",
      "resolved": "https://registry.npmjs.org/nodejs-nodemailer-outlook/-/nodejs-nodemailer-outlook-1.2.4.tgz",
      "integrity": "sha512-+AGxGRsMAwsXJNfm46/ELfNaj5tuMeoHV/3dR4C9TyAh54eYz2ZNNMHCICm7B3eTFdVtIHqIUsYNYg1Bju6J6A==",
      "requires": {
        "nodemailer": "^6.4.16"
      }
    },
    "nodemailer": {
      "version": "6.9.1",
      "resolved": "https://registry.npmjs.org/nodemailer/-/nodemailer-6.9.1.tgz",
      "integrity": "sha512-qHw7dOiU5UKNnQpXktdgQ1d3OFgRAekuvbJLcdG5dnEo/GtcTHRYM7+UfJARdOFU9WUQO8OiIamgWPmiSFHYAA=="
    }
  }
}
